
Microsoft Visual Studio Solution File, Format Version 12.00
# Visual Studio Version 16
VisualStudioVersion = 16.0.29613.14
MinimumVisualStudioVersion = 10.0.40219.1
Project("{9A19103F-16F7-4668-BE54-9A1E7A4F7556}") = "WebApplication1", "WebApplication1\WebApplication1.csproj", "{D3DA2A5E-4C05-4905-87F8-92EAB5EC362A}"
EndProject
Project("{9A19103F-16F7-4668-BE54-9A1E7A4F7556}") = "WebApplication1.Test(xUnit)", "WebApplication1.Test\WebApplication1.Test(xUnit).csproj", "{90F6D64F-7F8A-4CE8-8856-BF72EF062A3F}"
EndProject
Project("{9A19103F-16F7-4668-BE54-9A1E7A4F7556}") = "WebApplication1.Test(MSTest)", "WebApplication1.Test(MSTest)\WebApplication1.Test(MSTest).csproj", "{FCA3A98E-EFBB-4FC5-81DE-BF6763D7AB82}"
EndProject
Project("{9A19103F-16F7-4668-BE54-9A1E7A4F7556}") = "WebApplication1.ClassLibrary", "WebApplication1.ClassLibrary\WebApplication1.ClassLibrary.csproj", "{6F08D760-7C0E-466B-B1E6-131413CA88DE}"
EndProject
Global
	GlobalSection(SolutionConfigurationPlatforms) = preSolution
		Debug|Any CPU = Debug|Any CPU
		Release|Any CPU = Release|Any CPU
	EndGlobalSection
	GlobalSection(ProjectConfigurationPlatforms) = postSolution
		{D3DA2A5E-4C05-4905-87F8-92EAB5EC362A}.Debug|Any CPU.ActiveCfg = Debug|Any CPU
		{D3DA2A5E-4C05-4905-87F8-92EAB5EC362A}.Debug|Any CPU.Build.0 = Debug|Any CPU
		{D3DA2A5E-4C05-4905-87F8-92EAB5EC362A}.Release|Any CPU.ActiveCfg = Release|Any CPU
		{D3DA2A5E-4C05-4905-87F8-92EAB5EC362A}.Release|Any CPU.Build.0 = Release|Any CPU
		{90F6D64F-7F8A-4CE8-8856-BF72EF062A3F}.Debug|Any CPU.ActiveCfg = Debug|Any CPU
		{90F6D64F-7F8A-4CE8-8856-BF72EF062A3F}.Debug|Any CPU.Build.0 = Debug|Any CPU
		{90F6D64F-7F8A-4CE8-8856-BF72EF062A3F}.Release|Any CPU.ActiveCfg = Release|Any CPU
		{90F6D64F-7F8A-4CE8-8856-BF72EF062A3F}.Release|Any CPU.Build.0 = Release|Any CPU
		{FCA3A98E-EFBB-4FC5-81DE-BF6763D7AB82}.Debug|Any CPU.ActiveCfg = Debug|Any CPU
		{FCA3A98E-EFBB-4FC5-81DE-BF6763D7AB82}.Debug|Any CPU.Build.0 = Debug|Any CPU
		{FCA3A98E-EFBB-4FC5-81DE-BF6763D7AB82}.Release|Any CPU.ActiveCfg = Release|Any CPU
		{FCA3A98E-EFBB-4FC5-81DE-BF6763D7AB82}.Release|Any CPU.Build.0 = Release|Any CPU
		{6F08D760-7C0E-466B-B1E6-131413CA88DE}.Debug|Any CPU.ActiveCfg = Debug|Any CPU
		{6F08D760-7C0E-466B-B1E6-131413CA88DE}.Debug|Any CPU.Build.0 = Debug|Any CPU
		{6F08D760-7C0E-466B-B1E6-131413CA88DE}.Release|Any CPU.ActiveCfg = Release|Any CPU
		{6F08D760-7C0E-466B-B1E6-131413CA88DE}.Release|Any CPU.Build.0 = Release|Any CPU
	EndGlobalSection
	GlobalSection(SolutionProperties) = preSolution
		HideSolutionNode = FALSE
	EndGlobalSection
	GlobalSection(ExtensibilityGlobals) = postSolution
		SolutionGuid = {0641F84E-394D-4A93-B72E-5325A92D78E3}
	EndGlobalSection
EndGlobal
