
Microsoft Visual Studio Solution File, Format Version 12.00
# Visual Studio Version 16
VisualStudioVersion = 16.0.29613.14
MinimumVisualStudioVersion = 10.0.40219.1
Project("{FAE04EC0-301F-11D3-BF4B-00C04F79EFBC}") = "UMS", "UMS\UMS.csproj", "{ED28E0FC-DCD1-4BF9-8CE9-015C585831F8}"
EndProject
Global
	GlobalSection(SolutionConfigurationPlatforms) = preSolution
		Debug|Any CPU = Debug|Any CPU
		Release|Any CPU = Release|Any CPU
	EndGlobalSection
	GlobalSection(ProjectConfigurationPlatforms) = postSolution
		{ED28E0FC-DCD1-4BF9-8CE9-015C585831F8}.Debug|Any CPU.ActiveCfg = Debug|Any CPU
		{ED28E0FC-DCD1-4BF9-8CE9-015C585831F8}.Debug|Any CPU.Build.0 = Debug|Any CPU
		{ED28E0FC-DCD1-4BF9-8CE9-015C585831F8}.Release|Any CPU.ActiveCfg = Release|Any CPU
		{ED28E0FC-DCD1-4BF9-8CE9-015C585831F8}.Release|Any CPU.Build.0 = Release|Any CPU
	EndGlobalSection
	GlobalSection(SolutionProperties) = preSolution
		HideSolutionNode = FALSE
	EndGlobalSection
	GlobalSection(ExtensibilityGlobals) = postSolution
		SolutionGuid = {154B549B-F28E-4D95-A944-7447CF73D707}
	EndGlobalSection
EndGlobal
